
Microsoft Visual Studio Solution File, Format Version 12.00
# Visual Studio Version 16
VisualStudioVersion = 16.0.31702.278
MinimumVisualStudioVersion = 10.0.40219.1
Project("{FAE04EC0-301F-11D3-BF4B-00C04F79EFBC}") = "Task1Christmas", "Task1Christmas.csproj", "{0C359D34-B0A2-46E4-BD16-7CC0D3B580C0}"
EndProject
Project("{FAE04EC0-301F-11D3-BF4B-00C04F79EFBC}") = "SantasDeer", "..\SantasDeer\SantasDeer.csproj", "{6F918547-8BB9-4D58-BA8C-AC15078095A5}"
EndProject
Project("{FAE04EC0-301F-11D3-BF4B-00C04F79EFBC}") = "FinalCompetition", "..\FinalCompetition\FinalCompetition.csproj", "{ECB309E9-9DE3-4671-911E-B365998A626B}"
EndProject
Project("{FAE04EC0-301F-11D3-BF4B-00C04F79EFBC}") = "grandpaStavri", "..\grandpaStavri\grandpaStavri.csproj", "{B7CBACE3-59DD-4490-9D3A-464510B867EA}"
EndProject
Project("{FAE04EC0-301F-11D3-BF4B-00C04F79EFBC}") = "HairSalon", "..\HairSalon\HairSalon.csproj", "{C120292C-C6D0-452E-82CC-D970FF0346AB}"
EndProject
Global
	GlobalSection(SolutionConfigurationPlatforms) = preSolution
		Debug|Any CPU = Debug|Any CPU
		Release|Any CPU = Release|Any CPU
	EndGlobalSection
	GlobalSection(ProjectConfigurationPlatforms) = postSolution
		{0C359D34-B0A2-46E4-BD16-7CC0D3B580C0}.Debug|Any CPU.ActiveCfg = Debug|Any CPU
		{0C359D34-B0A2-46E4-BD16-7CC0D3B580C0}.Debug|Any CPU.Build.0 = Debug|Any CPU
		{0C359D34-B0A2-46E4-BD16-7CC0D3B580C0}.Release|Any CPU.ActiveCfg = Release|Any CPU
		{0C359D34-B0A2-46E4-BD16-7CC0D3B580C0}.Release|Any CPU.Build.0 = Release|Any CPU
		{6F918547-8BB9-4D58-BA8C-AC15078095A5}.Debug|Any CPU.ActiveCfg = Debug|Any CPU
		{6F918547-8BB9-4D58-BA8C-AC15078095A5}.Debug|Any CPU.Build.0 = Debug|Any CPU
		{6F918547-8BB9-4D58-BA8C-AC15078095A5}.Release|Any CPU.ActiveCfg = Release|Any CPU
		{6F918547-8BB9-4D58-BA8C-AC15078095A5}.Release|Any CPU.Build.0 = Release|Any CPU
		{ECB309E9-9DE3-4671-911E-B365998A626B}.Debug|Any CPU.ActiveCfg = Debug|Any CPU
		{ECB309E9-9DE3-4671-911E-B365998A626B}.Debug|Any CPU.Build.0 = Debug|Any CPU
		{ECB309E9-9DE3-4671-911E-B365998A626B}.Release|Any CPU.ActiveCfg = Release|Any CPU
		{ECB309E9-9DE3-4671-911E-B365998A626B}.Release|Any CPU.Build.0 = Release|Any CPU
		{B7CBACE3-59DD-4490-9D3A-464510B867EA}.Debug|Any CPU.ActiveCfg = Debug|Any CPU
		{B7CBACE3-59DD-4490-9D3A-464510B867EA}.Debug|Any CPU.Build.0 = Debug|Any CPU
		{B7CBACE3-59DD-4490-9D3A-464510B867EA}.Release|Any CPU.ActiveCfg = Release|Any CPU
		{B7CBACE3-59DD-4490-9D3A-464510B867EA}.Release|Any CPU.Build.0 = Release|Any CPU
		{C120292C-C6D0-452E-82CC-D970FF0346AB}.Debug|Any CPU.ActiveCfg = Debug|Any CPU
		{C120292C-C6D0-452E-82CC-D970FF0346AB}.Debug|Any CPU.Build.0 = Debug|Any CPU
		{C120292C-C6D0-452E-82CC-D970FF0346AB}.Release|Any CPU.ActiveCfg = Release|Any CPU
		{C120292C-C6D0-452E-82CC-D970FF0346AB}.Release|Any CPU.Build.0 = Release|Any CPU
	EndGlobalSection
	GlobalSection(SolutionProperties) = preSolution
		HideSolutionNode = FALSE
	EndGlobalSection
	GlobalSection(ExtensibilityGlobals) = postSolution
		SolutionGuid = {320A46A9-EC74-40BB-8658-7CF6DD247203}
	EndGlobalSection
EndGlobal
